
Microsoft Visual Studio Solution File, Format Version 12.00
# Visual Studio Version 16
VisualStudioVersion = 16.0.30114.105
MinimumVisualStudioVersion = 10.0.40219.1
Project("{FAE04EC0-301F-11D3-BF4B-00C04F79EFBC}") = "ProEventos.Domain", "ProEventos.Domain\ProEventos.Domain.csproj", "{6289E735-61C1-4B9B-AD50-458A4A34DCA5}"
EndProject
Project("{FAE04EC0-301F-11D3-BF4B-00C04F79EFBC}") = "ProEventos.Application", "ProEventos.Application\ProEventos.Application.csproj", "{2F5A3743-659F-4FCE-A81A-08FEE49D4233}"
EndProject
Project("{FAE04EC0-301F-11D3-BF4B-00C04F79EFBC}") = "ProEventos.Persistence", "ProEventos.Persistence\ProEventos.Persistence.csproj", "{0095FEA3-1640-49F2-A379-D011D01F7506}"
EndProject
Project("{FAE04EC0-301F-11D3-BF4B-00C04F79EFBC}") = "ProEventos.API", "ProEventos.API\ProEventos.API.csproj", "{14EFA759-00DE-415A-BF6B-6CBDE5B73B1C}"
EndProject
Global
	GlobalSection(SolutionConfigurationPlatforms) = preSolution
		Debug|Any CPU = Debug|Any CPU
		Debug|x64 = Debug|x64
		Debug|x86 = Debug|x86
		Release|Any CPU = Release|Any CPU
		Release|x64 = Release|x64
		Release|x86 = Release|x86
	EndGlobalSection
	GlobalSection(SolutionProperties) = preSolution
		HideSolutionNode = FALSE
	EndGlobalSection
	GlobalSection(ProjectConfigurationPlatforms) = postSolution
		{6289E735-61C1-4B9B-AD50-458A4A34DCA5}.Debug|Any CPU.ActiveCfg = Debug|Any CPU
		{6289E735-61C1-4B9B-AD50-458A4A34DCA5}.Debug|Any CPU.Build.0 = Debug|Any CPU
		{6289E735-61C1-4B9B-AD50-458A4A34DCA5}.Debug|x64.ActiveCfg = Debug|Any CPU
		{6289E735-61C1-4B9B-AD50-458A4A34DCA5}.Debug|x64.Build.0 = Debug|Any CPU
		{6289E735-61C1-4B9B-AD50-458A4A34DCA5}.Debug|x86.ActiveCfg = Debug|Any CPU
		{6289E735-61C1-4B9B-AD50-458A4A34DCA5}.Debug|x86.Build.0 = Debug|Any CPU
		{6289E735-61C1-4B9B-AD50-458A4A34DCA5}.Release|Any CPU.ActiveCfg = Release|Any CPU
		{6289E735-61C1-4B9B-AD50-458A4A34DCA5}.Release|Any CPU.Build.0 = Release|Any CPU
		{6289E735-61C1-4B9B-AD50-458A4A34DCA5}.Release|x64.ActiveCfg = Release|Any CPU
		{6289E735-61C1-4B9B-AD50-458A4A34DCA5}.Release|x64.Build.0 = Release|Any CPU
		{6289E735-61C1-4B9B-AD50-458A4A34DCA5}.Release|x86.ActiveCfg = Release|Any CPU
		{6289E735-61C1-4B9B-AD50-458A4A34DCA5}.Release|x86.Build.0 = Release|Any CPU
		{2F5A3743-659F-4FCE-A81A-08FEE49D4233}.Debug|Any CPU.ActiveCfg = Debug|Any CPU
		{2F5A3743-659F-4FCE-A81A-08FEE49D4233}.Debug|Any CPU.Build.0 = Debug|Any CPU
		{2F5A3743-659F-4FCE-A81A-08FEE49D4233}.Debug|x64.ActiveCfg = Debug|Any CPU
		{2F5A3743-659F-4FCE-A81A-08FEE49D4233}.Debug|x64.Build.0 = Debug|Any CPU
		{2F5A3743-659F-4FCE-A81A-08FEE49D4233}.Debug|x86.ActiveCfg = Debug|Any CPU
		{2F5A3743-659F-4FCE-A81A-08FEE49D4233}.Debug|x86.Build.0 = Debug|Any CPU
		{2F5A3743-659F-4FCE-A81A-08FEE49D4233}.Release|Any CPU.ActiveCfg = Release|Any CPU
		{2F5A3743-659F-4FCE-A81A-08FEE49D4233}.Release|Any CPU.Build.0 = Release|Any CPU
		{2F5A3743-659F-4FCE-A81A-08FEE49D4233}.Release|x64.ActiveCfg = Release|Any CPU
		{2F5A3743-659F-4FCE-A81A-08FEE49D4233}.Release|x64.Build.0 = Release|Any CPU
		{2F5A3743-659F-4FCE-A81A-08FEE49D4233}.Release|x86.ActiveCfg = Release|Any CPU
		{2F5A3743-659F-4FCE-A81A-08FEE49D4233}.Release|x86.Build.0 = Release|Any CPU
		{0095FEA3-1640-49F2-A379-D011D01F7506}.Debug|Any CPU.ActiveCfg = Debug|Any CPU
		{0095FEA3-1640-49F2-A379-D011D01F7506}.Debug|Any CPU.Build.0 = Debug|Any CPU
		{0095FEA3-1640-49F2-A379-D011D01F7506}.Debug|x64.ActiveCfg = Debug|Any CPU
		{0095FEA3-1640-49F2-A379-D011D01F7506}.Debug|x64.Build.0 = Debug|Any CPU
		{0095FEA3-1640-49F2-A379-D011D01F7506}.Debug|x86.ActiveCfg = Debug|Any CPU
		{0095FEA3-1640-49F2-A379-D011D01F7506}.Debug|x86.Build.0 = Debug|Any CPU
		{0095FEA3-1640-49F2-A379-D011D01F7506}.Release|Any CPU.ActiveCfg = Release|Any CPU
		{0095FEA3-1640-49F2-A379-D011D01F7506}.Release|Any CPU.Build.0 = Release|Any CPU
		{0095FEA3-1640-49F2-A379-D011D01F7506}.Release|x64.ActiveCfg = Release|Any CPU
		{0095FEA3-1640-49F2-A379-D011D01F7506}.Release|x64.Build.0 = Release|Any CPU
		{0095FEA3-1640-49F2-A379-D011D01F7506}.Release|x86.ActiveCfg = Release|Any CPU
		{0095FEA3-1640-49F2-A379-D011D01F7506}.Release|x86.Build.0 = Release|Any CPU
		{14EFA759-00DE-415A-BF6B-6CBDE5B73B1C}.Debug|Any CPU.ActiveCfg = Debug|Any CPU
		{14EFA759-00DE-415A-BF6B-6CBDE5B73B1C}.Debug|Any CPU.Build.0 = Debug|Any CPU
		{14EFA759-00DE-415A-BF6B-6CBDE5B73B1C}.Debug|x64.ActiveCfg = Debug|Any CPU
		{14EFA759-00DE-415A-BF6B-6CBDE5B73B1C}.Debug|x64.Build.0 = Debug|Any CPU
		{14EFA759-00DE-415A-BF6B-6CBDE5B73B1C}.Debug|x86.ActiveCfg = Debug|Any CPU
		{14EFA759-00DE-415A-BF6B-6CBDE5B73B1C}.Debug|x86.Build.0 = Debug|Any CPU
		{14EFA759-00DE-415A-BF6B-6CBDE5B73B1C}.Release|Any CPU.ActiveCfg = Release|Any CPU
		{14EFA759-00DE-415A-BF6B-6CBDE5B73B1C}.Release|Any CPU.Build.0 = Release|Any CPU
		{14EFA759-00DE-415A-BF6B-6CBDE5B73B1C}.Release|x64.ActiveCfg = Release|Any CPU
		{14EFA759-00DE-415A-BF6B-6CBDE5B73B1C}.Release|x64.Build.0 = Release|Any CPU
		{14EFA759-00DE-415A-BF6B-6CBDE5B73B1C}.Release|x86.ActiveCfg = Release|Any CPU
		{14EFA759-00DE-415A-BF6B-6CBDE5B73B1C}.Release|x86.Build.0 = Release|Any CPU
	EndGlobalSection
EndGlobal
